github.com/apache/cassandra-gocql-driver/v2 v2.1.2 h1:lu/p0Db2av18enHJvWJQoChLssI0P+AR06STq4VdvCc=
github.com/apache/cassandra-gocql-driver/v2 v2.1.2/go.mod h1:QH/asJjB3mHvY6Dot6ZKMMpTcOrWJ8i9GhsvG1g0PK4=
gopkg.in/inf.v0 v0.9.1 h1:73M5CoZyi3ZLMOyDlQh031Cx6N9NDJ2Vvfl76EDAgDc=
gopkg.in/inf.v0 v0.9.1/go.mod h1:cWUDdTG/fYaXco+Dcufb5Vnc6Gp2YChqWtbxRZE0mXw=
